
Microsoft Visual Studio Solution File, Format Version 12.00
# Visual Studio 14
VisualStudioVersion = 14.0.25420.1
MinimumVisualStudioVersion = 10.0.40219.1
Project("{FAE04EC0-301F-11D3-BF4B-00C04F79EFBC}") = "preg 4 vectores", "preg 4 vectores\preg 4 vectores.csproj", "{39CDBBCC-B55D-4504-AF5A-9D7E038C8CFF}"
EndProject
Global
	GlobalSection(SolutionConfigurationPlatforms) = preSolution
		Debug|Any CPU = Debug|Any CPU
		Release|Any CPU = Release|Any CPU
	EndGlobalSection
	GlobalSection(ProjectConfigurationPlatforms) = postSolution
		{39CDBBCC-B55D-4504-AF5A-9D7E038C8CFF}.Debug|Any CPU.ActiveCfg = Debug|Any CPU
		{39CDBBCC-B55D-4504-AF5A-9D7E038C8CFF}.Debug|Any CPU.Build.0 = Debug|Any CPU
		{39CDBBCC-B55D-4504-AF5A-9D7E038C8CFF}.Release|Any CPU.ActiveCfg = Release|Any CPU
		{39CDBBCC-B55D-4504-AF5A-9D7E038C8CFF}.Release|Any CPU.Build.0 = Release|Any CPU
	EndGlobalSection
	GlobalSection(SolutionProperties) = preSolution
		HideSolutionNode = FALSE
	EndGlobalSection
EndGlobal
