
Microsoft Visual Studio Solution File, Format Version 12.00
# Visual Studio 14
VisualStudioVersion = 14.0.25420.1
MinimumVisualStudioVersion = 10.0.40219.1
Project("{FAE04EC0-301F-11D3-BF4B-00C04F79EFBC}") = "preg 15 vectores", "preg 15 vectores\preg 15 vectores.csproj", "{C3CE5EAE-4D96-4454-A2F8-9E027475EEEC}"
EndProject
Global
	GlobalSection(SolutionConfigurationPlatforms) = preSolution
		Debug|Any CPU = Debug|Any CPU
		Release|Any CPU = Release|Any CPU
	EndGlobalSection
	GlobalSection(ProjectConfigurationPlatforms) = postSolution
		{C3CE5EAE-4D96-4454-A2F8-9E027475EEEC}.Debug|Any CPU.ActiveCfg = Debug|Any CPU
		{C3CE5EAE-4D96-4454-A2F8-9E027475EEEC}.Debug|Any CPU.Build.0 = Debug|Any CPU
		{C3CE5EAE-4D96-4454-A2F8-9E027475EEEC}.Release|Any CPU.ActiveCfg = Release|Any CPU
		{C3CE5EAE-4D96-4454-A2F8-9E027475EEEC}.Release|Any CPU.Build.0 = Release|Any CPU
	EndGlobalSection
	GlobalSection(SolutionProperties) = preSolution
		HideSolutionNode = FALSE
	EndGlobalSection
EndGlobal
