
Microsoft Visual Studio Solution File, Format Version 12.00
# Visual Studio Version 17
VisualStudioVersion = 17.14.36327.8 d17.14
MinimumVisualStudioVersion = 10.0.40219.1
Project("{FAE04EC0-301F-11D3-BF4B-00C04F79EFBC}") = "Practica", "Practica\Practica.csproj", "{3DF5AC3C-01C1-4F64-93FA-F3BA4B1C90AB}"
EndProject
Global
	GlobalSection(SolutionConfigurationPlatforms) = preSolution
		Debug|Any CPU = Debug|Any CPU
		Release|Any CPU = Release|Any CPU
	EndGlobalSection
	GlobalSection(ProjectConfigurationPlatforms) = postSolution
		{3DF5AC3C-01C1-4F64-93FA-F3BA4B1C90AB}.Debug|Any CPU.ActiveCfg = Debug|Any CPU
		{3DF5AC3C-01C1-4F64-93FA-F3BA4B1C90AB}.Debug|Any CPU.Build.0 = Debug|Any CPU
		{3DF5AC3C-01C1-4F64-93FA-F3BA4B1C90AB}.Release|Any CPU.ActiveCfg = Release|Any CPU
		{3DF5AC3C-01C1-4F64-93FA-F3BA4B1C90AB}.Release|Any CPU.Build.0 = Release|Any CPU
	EndGlobalSection
	GlobalSection(SolutionProperties) = preSolution
		HideSolutionNode = FALSE
	EndGlobalSection
	GlobalSection(ExtensibilityGlobals) = postSolution
		SolutionGuid = {C2030D7E-521B-47D6-ABDA-D23ACF6240CC}
	EndGlobalSection
EndGlobal
